
Microsoft Visual Studio Solution File, Format Version 12.00
# Visual Studio 14
VisualStudioVersion = 14.0.25420.1
MinimumVisualStudioVersion = 10.0.40219.1
Project("{FAE04EC0-301F-11D3-BF4B-00C04F79EFBC}") = "WPF_Panel", "WPF_Panel\WPF_Panel.csproj", "{CD8CA0BC-8F54-4ED3-8DED-A78D2E1E9FFC}"
EndProject
Project("{FAE04EC0-301F-11D3-BF4B-00C04F79EFBC}") = "WPF_Animation", "WPF_Animation\WPF_Animation.csproj", "{C0DEFA5F-CC67-4F8A-BC8C-7119C4639E5C}"
EndProject
Project("{FAE04EC0-301F-11D3-BF4B-00C04F79EFBC}") = "WPF_ControlTemplate", "WPF_ControlTemplate\WPF_ControlTemplate.csproj", "{531255C4-3DCF-44AE-901E-39191A3D4D0B}"
EndProject
Project("{FAE04EC0-301F-11D3-BF4B-00C04F79EFBC}") = "WPF_TypeConverter", "WPF_TypeConverter\WPF_TypeConverter.csproj", "{9CCB4FD7-289B-4B9F-BA0A-7B3AF315EF38}"
EndProject
Project("{FAE04EC0-301F-11D3-BF4B-00C04F79EFBC}") = "WPF_MarkExtention", "WPF_MarkExtention\WPF_MarkExtention.csproj", "{95F03C1F-B852-46B5-BB3A-D495C42DD8E4}"
EndProject
Project("{FAE04EC0-301F-11D3-BF4B-00C04F79EFBC}") = "WPF_DataBinding", "WPF_DataBinding\WPF_DataBinding.csproj", "{4EF59A44-F291-4881-91A6-4783A3234151}"
EndProject
Project("{FAE04EC0-301F-11D3-BF4B-00C04F79EFBC}") = "WPF_MultiBinding", "WPF_MultiBinding\WPF_MultiBinding.csproj", "{C1517598-CD5F-46DE-BEF2-0A6FF6962361}"
EndProject
Project("{FAE04EC0-301F-11D3-BF4B-00C04F79EFBC}") = "WPF_DependencyObject", "WPF_DependencyObject\WPF_DependencyObject.csproj", "{59425436-6441-422F-A03F-1106A087D3B2}"
EndProject
Project("{FAE04EC0-301F-11D3-BF4B-00C04F79EFBC}") = "WPF_AttachedProperty", "WPF_AttachedProperty\WPF_AttachedProperty.csproj", "{3EDEB74D-FC49-4B93-BD8F-CD6550E2EFCA}"
EndProject
Project("{FAE04EC0-301F-11D3-BF4B-00C04F79EFBC}") = "WPF_RoutedEvent", "WPF_RoutedEvent\WPF_RoutedEvent.csproj", "{AE9ADB65-3120-4723-961D-01A122314739}"
EndProject
Project("{FAE04EC0-301F-11D3-BF4B-00C04F79EFBC}") = "WPF_CustomRoutedEvent", "WPF_CustomRoutedEvent\WPF_CustomRoutedEvent.csproj", "{B3FBFFB6-50F7-43BC-A105-C8C16973A12C}"
EndProject
Project("{FAE04EC0-301F-11D3-BF4B-00C04F79EFBC}") = "WPF_RoutedCommand", "WPF_RoutedCommand\WPF_RoutedCommand.csproj", "{B78A7E6B-FDC6-4D55-8EF0-8AC5FA4F2174}"
EndProject
Project("{FAE04EC0-301F-11D3-BF4B-00C04F79EFBC}") = "WPF_CustomCommand", "WPF_CustomCommand\WPF_CustomCommand.csproj", "{4D85126B-FB43-4D0F-8545-4F515BB5C6BC}"
EndProject
Project("{FAE04EC0-301F-11D3-BF4B-00C04F79EFBC}") = "WPF_DataTemplate", "WPF_DataTemplate\WPF_DataTemplate.csproj", "{D0F11B63-1942-4CE2-B016-20A67CFA3754}"
EndProject
Project("{FAE04EC0-301F-11D3-BF4B-00C04F79EFBC}") = "WPF_HandControlTemplate", "HandControlTemplate\WPF_HandControlTemplate.csproj", "{87C056D2-391A-456C-8C3A-5EEE855808AB}"
EndProject
Project("{FAE04EC0-301F-11D3-BF4B-00C04F79EFBC}") = "WPF_Drawing", "WPF_Drawing\WPF_Drawing.csproj", "{FF16FCF7-2340-49D9-8E68-0711B27753EB}"
EndProject
Project("{FAE04EC0-301F-11D3-BF4B-00C04F79EFBC}") = "WPF_Effect", "WPF_Effect\WPF_Effect.csproj", "{BC8207AD-2B92-4C8B-8B39-9620E7001B52}"
EndProject
Project("{FAE04EC0-301F-11D3-BF4B-00C04F79EFBC}") = "WPF_Transform", "WPF_Transform\WPF_Transform.csproj", "{6BF7E4D1-F000-4F23-871F-2440D52CDBEF}"
EndProject
Project("{FAE04EC0-301F-11D3-BF4B-00C04F79EFBC}") = "WellsDisplay", "WellsDisplay\WellsDisplay.csproj", "{5CAD9DCC-F341-4A4F-A9AC-0D4192EC284A}"
EndProject
Project("{FAE04EC0-301F-11D3-BF4B-00C04F79EFBC}") = "WPF_Resource", "WPF_Resource\WPF_Resource.csproj", "{84850F3D-54B2-49FF-8333-C2D2B3FCBEA6}"
EndProject
Project("{FAE04EC0-301F-11D3-BF4B-00C04F79EFBC}") = "WellColumn", "WellColumn\WellColumn.csproj", "{60DAEBB7-3F97-45CE-B691-41CBBD852F2F}"
EndProject
Project("{FAE04EC0-301F-11D3-BF4B-00C04F79EFBC}") = "WPF_Zoom", "WPF_Zoom\WPF_Zoom.csproj", "{E1860800-3A6F-45EF-9631-57950CAF0714}"
EndProject
Project("{FAE04EC0-301F-11D3-BF4B-00C04F79EFBC}") = "WPF_MVVM", "WPF_MVVM\WPF_MVVM.csproj", "{08C29FAC-7265-49C9-8254-995EFEC3CDD3}"
EndProject
Global
	GlobalSection(SolutionConfigurationPlatforms) = preSolution
		Debug|Any CPU = Debug|Any CPU
		Release|Any CPU = Release|Any CPU
	EndGlobalSection
	GlobalSection(ProjectConfigurationPlatforms) = postSolution
		{CD8CA0BC-8F54-4ED3-8DED-A78D2E1E9FFC}.Debug|Any CPU.ActiveCfg = Debug|Any CPU
		{CD8CA0BC-8F54-4ED3-8DED-A78D2E1E9FFC}.Debug|Any CPU.Build.0 = Debug|Any CPU
		{CD8CA0BC-8F54-4ED3-8DED-A78D2E1E9FFC}.Release|Any CPU.ActiveCfg = Release|Any CPU
		{CD8CA0BC-8F54-4ED3-8DED-A78D2E1E9FFC}.Release|Any CPU.Build.0 = Release|Any CPU
		{C0DEFA5F-CC67-4F8A-BC8C-7119C4639E5C}.Debug|Any CPU.ActiveCfg = Debug|Any CPU
		{C0DEFA5F-CC67-4F8A-BC8C-7119C4639E5C}.Debug|Any CPU.Build.0 = Debug|Any CPU
		{C0DEFA5F-CC67-4F8A-BC8C-7119C4639E5C}.Release|Any CPU.ActiveCfg = Release|Any CPU
		{C0DEFA5F-CC67-4F8A-BC8C-7119C4639E5C}.Release|Any CPU.Build.0 = Release|Any CPU
		{531255C4-3DCF-44AE-901E-39191A3D4D0B}.Debug|Any CPU.ActiveCfg = Debug|Any CPU
		{531255C4-3DCF-44AE-901E-39191A3D4D0B}.Debug|Any CPU.Build.0 = Debug|Any CPU
		{531255C4-3DCF-44AE-901E-39191A3D4D0B}.Release|Any CPU.ActiveCfg = Release|Any CPU
		{531255C4-3DCF-44AE-901E-39191A3D4D0B}.Release|Any CPU.Build.0 = Release|Any CPU
		{9CCB4FD7-289B-4B9F-BA0A-7B3AF315EF38}.Debug|Any CPU.ActiveCfg = Debug|Any CPU
		{9CCB4FD7-289B-4B9F-BA0A-7B3AF315EF38}.Debug|Any CPU.Build.0 = Debug|Any CPU
		{9CCB4FD7-289B-4B9F-BA0A-7B3AF315EF38}.Release|Any CPU.ActiveCfg = Release|Any CPU
		{9CCB4FD7-289B-4B9F-BA0A-7B3AF315EF38}.Release|Any CPU.Build.0 = Release|Any CPU
		{95F03C1F-B852-46B5-BB3A-D495C42DD8E4}.Debug|Any CPU.ActiveCfg = Debug|Any CPU
		{95F03C1F-B852-46B5-BB3A-D495C42DD8E4}.Debug|Any CPU.Build.0 = Debug|Any CPU
		{95F03C1F-B852-46B5-BB3A-D495C42DD8E4}.Release|Any CPU.ActiveCfg = Release|Any CPU
		{95F03C1F-B852-46B5-BB3A-D495C42DD8E4}.Release|Any CPU.Build.0 = Release|Any CPU
		{4EF59A44-F291-4881-91A6-4783A3234151}.Debug|Any CPU.ActiveCfg = Debug|Any CPU
		{4EF59A44-F291-4881-91A6-4783A3234151}.Debug|Any CPU.Build.0 = Debug|Any CPU
		{4EF59A44-F291-4881-91A6-4783A3234151}.Release|Any CPU.ActiveCfg = Release|Any CPU
		{4EF59A44-F291-4881-91A6-4783A3234151}.Release|Any CPU.Build.0 = Release|Any CPU
		{C1517598-CD5F-46DE-BEF2-0A6FF6962361}.Debug|Any CPU.ActiveCfg = Debug|Any CPU
		{C1517598-CD5F-46DE-BEF2-0A6FF6962361}.Debug|Any CPU.Build.0 = Debug|Any CPU
		{C1517598-CD5F-46DE-BEF2-0A6FF6962361}.Release|Any CPU.ActiveCfg = Release|Any CPU
		{C1517598-CD5F-46DE-BEF2-0A6FF6962361}.Release|Any CPU.Build.0 = Release|Any CPU
		{59425436-6441-422F-A03F-1106A087D3B2}.Debug|Any CPU.ActiveCfg = Debug|Any CPU
		{59425436-6441-422F-A03F-1106A087D3B2}.Debug|Any CPU.Build.0 = Debug|Any CPU
		{59425436-6441-422F-A03F-1106A087D3B2}.Release|Any CPU.ActiveCfg = Release|Any CPU
		{59425436-6441-422F-A03F-1106A087D3B2}.Release|Any CPU.Build.0 = Release|Any CPU
		{3EDEB74D-FC49-4B93-BD8F-CD6550E2EFCA}.Debug|Any CPU.ActiveCfg = Debug|Any CPU
		{3EDEB74D-FC49-4B93-BD8F-CD6550E2EFCA}.Debug|Any CPU.Build.0 = Debug|Any CPU
		{3EDEB74D-FC49-4B93-BD8F-CD6550E2EFCA}.Release|Any CPU.ActiveCfg = Release|Any CPU
		{3EDEB74D-FC49-4B93-BD8F-CD6550E2EFCA}.Release|Any CPU.Build.0 = Release|Any CPU
		{AE9ADB65-3120-4723-961D-01A122314739}.Debug|Any CPU.ActiveCfg = Debug|Any CPU
		{AE9ADB65-3120-4723-961D-01A122314739}.Debug|Any CPU.Build.0 = Debug|Any CPU
		{AE9ADB65-3120-4723-961D-01A122314739}.Release|Any CPU.ActiveCfg = Release|Any CPU
		{AE9ADB65-3120-4723-961D-01A122314739}.Release|Any CPU.Build.0 = Release|Any CPU
		{B3FBFFB6-50F7-43BC-A105-C8C16973A12C}.Debug|Any CPU.ActiveCfg = Debug|Any CPU
		{B3FBFFB6-50F7-43BC-A105-C8C16973A12C}.Debug|Any CPU.Build.0 = Debug|Any CPU
		{B3FBFFB6-50F7-43BC-A105-C8C16973A12C}.Release|Any CPU.ActiveCfg = Release|Any CPU
		{B3FBFFB6-50F7-43BC-A105-C8C16973A12C}.Release|Any CPU.Build.0 = Release|Any CPU
		{B78A7E6B-FDC6-4D55-8EF0-8AC5FA4F2174}.Debug|Any CPU.ActiveCfg = Debug|Any CPU
		{B78A7E6B-FDC6-4D55-8EF0-8AC5FA4F2174}.Debug|Any CPU.Build.0 = Debug|Any CPU
		{B78A7E6B-FDC6-4D55-8EF0-8AC5FA4F2174}.Release|Any CPU.ActiveCfg = Release|Any CPU
		{B78A7E6B-FDC6-4D55-8EF0-8AC5FA4F2174}.Release|Any CPU.Build.0 = Release|Any CPU
		{4D85126B-FB43-4D0F-8545-4F515BB5C6BC}.Debug|Any CPU.ActiveCfg = Debug|Any CPU
		{4D85126B-FB43-4D0F-8545-4F515BB5C6BC}.Debug|Any CPU.Build.0 = Debug|Any CPU
		{4D85126B-FB43-4D0F-8545-4F515BB5C6BC}.Release|Any CPU.ActiveCfg = Release|Any CPU
		{4D85126B-FB43-4D0F-8545-4F515BB5C6BC}.Release|Any CPU.Build.0 = Release|Any CPU
		{D0F11B63-1942-4CE2-B016-20A67CFA3754}.Debug|Any CPU.ActiveCfg = Debug|Any CPU
		{D0F11B63-1942-4CE2-B016-20A67CFA3754}.Debug|Any CPU.Build.0 = Debug|Any CPU
		{D0F11B63-1942-4CE2-B016-20A67CFA3754}.Release|Any CPU.ActiveCfg = Release|Any CPU
		{D0F11B63-1942-4CE2-B016-20A67CFA3754}.Release|Any CPU.Build.0 = Release|Any CPU
		{87C056D2-391A-456C-8C3A-5EEE855808AB}.Debug|Any CPU.ActiveCfg = Debug|Any CPU
		{87C056D2-391A-456C-8C3A-5EEE855808AB}.Debug|Any CPU.Build.0 = Debug|Any CPU
		{87C056D2-391A-456C-8C3A-5EEE855808AB}.Release|Any CPU.ActiveCfg = Release|Any CPU
		{87C056D2-391A-456C-8C3A-5EEE855808AB}.Release|Any CPU.Build.0 = Release|Any CPU
		{FF16FCF7-2340-49D9-8E68-0711B27753EB}.Debug|Any CPU.ActiveCfg = Debug|Any CPU
		{FF16FCF7-2340-49D9-8E68-0711B27753EB}.Debug|Any CPU.Build.0 = Debug|Any CPU
		{FF16FCF7-2340-49D9-8E68-0711B27753EB}.Release|Any CPU.ActiveCfg = Release|Any CPU
		{FF16FCF7-2340-49D9-8E68-0711B27753EB}.Release|Any CPU.Build.0 = Release|Any CPU
		{BC8207AD-2B92-4C8B-8B39-9620E7001B52}.Debug|Any CPU.ActiveCfg = Debug|Any CPU
		{BC8207AD-2B92-4C8B-8B39-9620E7001B52}.Debug|Any CPU.Build.0 = Debug|Any CPU
		{BC8207AD-2B92-4C8B-8B39-9620E7001B52}.Release|Any CPU.ActiveCfg = Release|Any CPU
		{BC8207AD-2B92-4C8B-8B39-9620E7001B52}.Release|Any CPU.Build.0 = Release|Any CPU
		{6BF7E4D1-F000-4F23-871F-2440D52CDBEF}.Debug|Any CPU.ActiveCfg = Debug|Any CPU
		{6BF7E4D1-F000-4F23-871F-2440D52CDBEF}.Debug|Any CPU.Build.0 = Debug|Any CPU
		{6BF7E4D1-F000-4F23-871F-2440D52CDBEF}.Release|Any CPU.ActiveCfg = Release|Any CPU
		{6BF7E4D1-F000-4F23-871F-2440D52CDBEF}.Release|Any CPU.Build.0 = Release|Any CPU
		{5CAD9DCC-F341-4A4F-A9AC-0D4192EC284A}.Debug|Any CPU.ActiveCfg = Debug|Any CPU
		{5CAD9DCC-F341-4A4F-A9AC-0D4192EC284A}.Debug|Any CPU.Build.0 = Debug|Any CPU
		{5CAD9DCC-F341-4A4F-A9AC-0D4192EC284A}.Release|Any CPU.ActiveCfg = Release|Any CPU
		{5CAD9DCC-F341-4A4F-A9AC-0D4192EC284A}.Release|Any CPU.Build.0 = Release|Any CPU
		{84850F3D-54B2-49FF-8333-C2D2B3FCBEA6}.Debug|Any CPU.ActiveCfg = Debug|Any CPU
		{84850F3D-54B2-49FF-8333-C2D2B3FCBEA6}.Debug|Any CPU.Build.0 = Debug|Any CPU
		{84850F3D-54B2-49FF-8333-C2D2B3FCBEA6}.Release|Any CPU.ActiveCfg = Release|Any CPU
		{84850F3D-54B2-49FF-8333-C2D2B3FCBEA6}.Release|Any CPU.Build.0 = Release|Any CPU
		{60DAEBB7-3F97-45CE-B691-41CBBD852F2F}.Debug|Any CPU.ActiveCfg = Debug|Any CPU
		{60DAEBB7-3F97-45CE-B691-41CBBD852F2F}.Debug|Any CPU.Build.0 = Debug|Any CPU
		{60DAEBB7-3F97-45CE-B691-41CBBD852F2F}.Release|Any CPU.ActiveCfg = Release|Any CPU
		{60DAEBB7-3F97-45CE-B691-41CBBD852F2F}.Release|Any CPU.Build.0 = Release|Any CPU
		{E1860800-3A6F-45EF-9631-57950CAF0714}.Debug|Any CPU.ActiveCfg = Debug|Any CPU
		{E1860800-3A6F-45EF-9631-57950CAF0714}.Debug|Any CPU.Build.0 = Debug|Any CPU
		{E1860800-3A6F-45EF-9631-57950CAF0714}.Release|Any CPU.ActiveCfg = Release|Any CPU
		{E1860800-3A6F-45EF-9631-57950CAF0714}.Release|Any CPU.Build.0 = Release|Any CPU
		{08C29FAC-7265-49C9-8254-995EFEC3CDD3}.Debug|Any CPU.ActiveCfg = Debug|Any CPU
		{08C29FAC-7265-49C9-8254-995EFEC3CDD3}.Debug|Any CPU.Build.0 = Debug|Any CPU
		{08C29FAC-7265-49C9-8254-995EFEC3CDD3}.Release|Any CPU.ActiveCfg = Release|Any CPU
		{08C29FAC-7265-49C9-8254-995EFEC3CDD3}.Release|Any CPU.Build.0 = Release|Any CPU
	EndGlobalSection
	GlobalSection(SolutionProperties) = preSolution
		HideSolutionNode = FALSE
	EndGlobalSection
EndGlobal
